{
  "name": "Package_Deletor",
  "version": "1.0.0",
  "lockfileVersion": 3,
  "requires": true,
  "packages": {
    "": {
      "name": "Package_Deletor",
      "version": "1.0.0",
      "license": "ISC",
      "dependencies": {
        "github_manager": "file:../Github_Manager",
        "sibling_folder_reader": "file:../Sibling_Folder_Reader",
        "terminal_asker": "file:../Terminal_Asker"
      }
    },
    "../Github_Manager": {
      "version": "1.0.0",
      "license": "ISC",
      "dependencies": {
        "dotenv": "^16.4.5",
        "repository_creator": "file:../Repository_Creator",
        "repository_deletor": "file:../Repository_Deletor"
      }
    },
    "../Sibling_Folder_Reader": {
      "name": "sibling_folder_reader",
      "version": "1.0.0",
      "license": "ISC"
    },
    "../Terminal_Asker": {
      "name": "terminal_asker",
      "version": "1.0.0",
      "license": "ISC",
      "dependencies": {
        "inquirer": "^9.2.15"
      }
    },
    "node_modules/github_manager": {
      "resolved": "../Github_Manager",
      "link": true
    },
    "node_modules/sibling_folder_reader": {
      "resolved": "../Sibling_Folder_Reader",
      "link": true
    },
    "node_modules/terminal_asker": {
      "resolved": "../Terminal_Asker",
      "link": true
    }
  }
}
